// !$*UTF8*$!
{
	archiveVersion = 1;
	classes = {
	};
	objectVersion = 48;
	objects = {

/* Begin PBXBuildFile section */
		8150A33C1FD1FF7100761813 /* StarWarsDetailViewController.swift in Sources */ = {isa = PBXBuildFile; fileRef = 8150A33B1FD1FF7100761813 /* StarWarsDetailViewController.swift */; };
		8150A3401FD1FFC700761813 /* Character.swift in Sources */ = {isa = PBXBuildFile; fileRef = 8150A33F1FD1FFC700761813 /* Character.swift */; };
		8150A3421FD202D900761813 /* Planet.swift in Sources */ = {isa = PBXBuildFile; fileRef = 8150A3411FD202D900761813 /* Planet.swift */; };
		8150A3441FD2041900761813 /* Film.swift in Sources */ = {isa = PBXBuildFile; fileRef = 8150A3431FD2041900761813 /* Film.swift */; };
		8150A3471FD2056700761813 /* ResultsWrapper.swift in Sources */ = {isa = PBXBuildFile; fileRef = 8150A3461FD2056700761813 /* ResultsWrapper.swift */; };
		8150A3491FD205F100761813 /* Starship.swift in Sources */ = {isa = PBXBuildFile; fileRef = 8150A3481FD205F100761813 /* Starship.swift */; };
		8150A34B1FD2082C00761813 /* Vehicle.swift in Sources */ = {isa = PBXBuildFile; fileRef = 8150A34A1FD2082C00761813 /* Vehicle.swift */; };
		8150A34D1FD2083C00761813 /* Species.swift in Sources */ = {isa = PBXBuildFile; fileRef = 8150A34C1FD2083C00761813 /* Species.swift */; };
		8150A3501FD20C6800761813 /* CharacterAPIClient.swift in Sources */ = {isa = PBXBuildFile; fileRef = 8150A34F1FD20C6800761813 /* CharacterAPIClient.swift */; };
		8150A3521FD20C8800761813 /* NetworkHelper.swift in Sources */ = {isa = PBXBuildFile; fileRef = 8150A3511FD20C8800761813 /* NetworkHelper.swift */; };
		81917FB81FD1FAFC00D64BE7 /* AppDelegate.swift in Sources */ = {isa = PBXBuildFile; fileRef = 81917FB71FD1FAFC00D64BE7 /* AppDelegate.swift */; };
		81917FBA1FD1FAFC00D64BE7 /* StarWarsViewController.swift in Sources */ = {isa = PBXBuildFile; fileRef = 81917FB91FD1FAFC00D64BE7 /* StarWarsViewController.swift */; };
		81917FBD1FD1FAFC00D64BE7 /* Main.storyboard in Resources */ = {isa = PBXBuildFile; fileRef = 81917FBB1FD1FAFC00D64BE7 /* Main.storyboard */; };
		81917FBF1FD1FAFC00D64BE7 /* Assets.xcassets in Resources */ = {isa = PBXBuildFile; fileRef = 81917FBE1FD1FAFC00D64BE7 /* Assets.xcassets */; };
		81917FC21FD1FAFC00D64BE7 /* LaunchScreen.storyboard in Resources */ = {isa = PBXBuildFile; fileRef = 81917FC01FD1FAFC00D64BE7 /* LaunchScreen.storyboard */; };
/* End PBXBuildFile section */

/* Begin PBXFileReference section */
		8150A33B1FD1FF7100761813 /* StarWarsDetailViewController.swift */ = {isa = PBXFileReference; lastKnownFileType = sourcecode.swift; path = StarWarsDetailViewController.swift; sourceTree = "<group>"; };
		8150A33F1FD1FFC700761813 /* Character.swift */ = {isa = PBXFileReference; lastKnownFileType = sourcecode.swift; path = Character.swift; sourceTree = "<group>"; };
		8150A3411FD202D900761813 /* Planet.swift */ = {isa = PBXFileReference; lastKnownFileType = sourcecode.swift; path = Planet.swift; sourceTree = "<group>"; };
		8150A3431FD2041900761813 /* Film.swift */ = {isa = PBXFileReference; lastKnownFileType = sourcecode.swift; path = Film.swift; sourceTree = "<group>"; };
		8150A3461FD2056700761813 /* ResultsWrapper.swift */ = {isa = PBXFileReference; lastKnownFileType = sourcecode.swift; path = ResultsWrapper.swift; sourceTree = "<group>"; };
		8150A3481FD205F100761813 /* Starship.swift */ = {isa = PBXFileReference; lastKnownFileType = sourcecode.swift; path = Starship.swift; sourceTree = "<group>"; };
		8150A34A1FD2082C00761813 /* Vehicle.swift */ = {isa = PBXFileReference; lastKnownFileType = sourcecode.swift; path = Vehicle.swift; sourceTree = "<group>"; };
		8150A34C1FD2083C00761813 /* Species.swift */ = {isa = PBXFileReference; lastKnownFileType = sourcecode.swift; path = Species.swift; sourceTree = "<group>"; };
		8150A34F1FD20C6800761813 /* CharacterAPIClient.swift */ = {isa = PBXFileReference; lastKnownFileType = sourcecode.swift; path = CharacterAPIClient.swift; sourceTree = "<group>"; };
		8150A3511FD20C8800761813 /* NetworkHelper.swift */ = {isa = PBXFileReference; lastKnownFileType = sourcecode.swift; path = NetworkHelper.swift; sourceTree = "<group>"; };
		81917FB41FD1FAFC00D64BE7 /* URLSession-Exercise.app */ = {isa = PBXFileReference; explicitFileType = wrapper.application; includeInIndex = 0; path = "URLSession-Exercise.app"; sourceTree = BUILT_PRODUCTS_DIR; };
		81917FB71FD1FAFC00D64BE7 /* AppDelegate.swift */ = {isa = PBXFileReference; lastKnownFileType = sourcecode.swift; path = AppDelegate.swift; sourceTree = "<group>"; };
		81917FB91FD1FAFC00D64BE7 /* StarWarsViewController.swift */ = {isa = PBXFileReference; lastKnownFileType = sourcecode.swift; path = StarWarsViewController.swift; sourceTree = "<group>"; };
		81917FBC1FD1FAFC00D64BE7 /* Base */ = {isa = PBXFileReference; lastKnownFileType = file.storyboard; name = Base; path = Base.lproj/Main.storyboard; sourceTree = "<group>"; };
		81917FBE1FD1FAFC00D64BE7 /* Assets.xcassets */ = {isa = PBXFileReference; lastKnownFileType = folder.assetcatalog; path = Assets.xcassets; sourceTree = "<group>"; };
		81917FC11FD1FAFC00D64BE7 /* Base */ = {isa = PBXFileReference; lastKnownFileType = file.storyboard; name = Base; path = Base.lproj/LaunchScreen.storyboard; sourceTree = "<group>"; };
		81917FC31FD1FAFC00D64BE7 /* Info.plist */ = {isa = PBXFileReference; lastKnownFileType = text.plist.xml; path = Info.plist; sourceTree = "<group>"; };
/* End PBXFileReference section */

/* Begin PBXFrameworksBuildPhase section */
		81917FB11FD1FAFC00D64BE7 /* Frameworks */ = {
			isa = PBXFrameworksBuildPhase;
			buildActionMask = 2147483647;
			files = (
			);
			runOnlyForDeploymentPostprocessing = 0;
		};
/* End PBXFrameworksBuildPhase section */

/* Begin PBXGroup section */
		8150A3371FD1FBE700761813 /* Unused Stuff */ = {
			isa = PBXGroup;
			children = (
				81917FB71FD1FAFC00D64BE7 /* AppDelegate.swift */,
				81917FBE1FD1FAFC00D64BE7 /* Assets.xcassets */,
				81917FC01FD1FAFC00D64BE7 /* LaunchScreen.storyboard */,
			);
			path = "Unused Stuff";
			sourceTree = "<group>";
		};
		8150A3381FD1FF1100761813 /* View Controllers */ = {
			isa = PBXGroup;
			children = (
				81917FB91FD1FAFC00D64BE7 /* StarWarsViewController.swift */,
				8150A33B1FD1FF7100761813 /* StarWarsDetailViewController.swift */,
			);
			path = "View Controllers";
			sourceTree = "<group>";
		};
		8150A3391FD1FF1900761813 /* Views */ = {
			isa = PBXGroup;
			children = (
			);
			path = Views;
			sourceTree = "<group>";
		};
		8150A33A1FD1FF2400761813 /* Models */ = {
			isa = PBXGroup;
			children = (
				8150A3461FD2056700761813 /* ResultsWrapper.swift */,
				8150A34E1FD20C5100761813 /* Character */,
				8150A3431FD2041900761813 /* Film.swift */,
				8150A3411FD202D900761813 /* Planet.swift */,
				8150A34C1FD2083C00761813 /* Species.swift */,
				8150A3481FD205F100761813 /* Starship.swift */,
				8150A34A1FD2082C00761813 /* Vehicle.swift */,
			);
			path = Models;
			sourceTree = "<group>";
		};
		8150A34E1FD20C5100761813 /* Character */ = {
			isa = PBXGroup;
			children = (
				8150A33F1FD1FFC700761813 /* Character.swift */,
				8150A34F1FD20C6800761813 /* CharacterAPIClient.swift */,
			);
			name = Character;
			sourceTree = "<group>";
		};
		81917FAB1FD1FAFB00D64BE7 = {
			isa = PBXGroup;
			children = (
				81917FB61FD1FAFC00D64BE7 /* URLSession-Exercise */,
				81917FB51FD1FAFC00D64BE7 /* Products */,
			);
			sourceTree = "<group>";
		};
		81917FB51FD1FAFC00D64BE7 /* Products */ = {
			isa = PBXGroup;
			children = (
				81917FB41FD1FAFC00D64BE7 /* URLSession-Exercise.app */,
			);
			name = Products;
			sourceTree = "<group>";
		};
		81917FB61FD1FAFC00D64BE7 /* URLSession-Exercise */ = {
			isa = PBXGroup;
			children = (
				8150A3511FD20C8800761813 /* NetworkHelper.swift */,
				8150A3371FD1FBE700761813 /* Unused Stuff */,
				8150A33A1FD1FF2400761813 /* Models */,
				8150A3391FD1FF1900761813 /* Views */,
				8150A3381FD1FF1100761813 /* View Controllers */,
				81917FBB1FD1FAFC00D64BE7 /* Main.storyboard */,
				81917FC31FD1FAFC00D64BE7 /* Info.plist */,
			);
			path = "URLSession-Exercise";
			sourceTree = "<group>";
		};
/* End PBXGroup section */

/* Begin PBXNativeTarget section */
		81917FB31FD1FAFC00D64BE7 /* URLSession-Exercise */ = {
			isa = PBXNativeTarget;
			buildConfigurationList = 81917FC61FD1FAFC00D64BE7 /* Build configuration list for PBXNativeTarget "URLSession-Exercise" */;
			buildPhases = (
				81917FB01FD1FAFC00D64BE7 /* Sources */,
				81917FB11FD1FAFC00D64BE7 /* Frameworks */,
				81917FB21FD1FAFC00D64BE7 /* Resources */,
			);
			buildRules = (
			);
			dependencies = (
			);
			name = "URLSession-Exercise";
			productName = "URLSession-Exercise";
			productReference = 81917FB41FD1FAFC00D64BE7 /* URLSession-Exercise.app */;
			productType = "com.apple.product-type.application";
		};
/* End PBXNativeTarget section */

/* Begin PBXProject section */
		81917FAC1FD1FAFB00D64BE7 /* Project object */ = {
			isa = PBXProject;
			attributes = {
				LastSwiftUpdateCheck = 0900;
				LastUpgradeCheck = 0900;
				ORGANIZATIONNAME = "Melissa He @ C4Q";
				TargetAttributes = {
					81917FB31FD1FAFC00D64BE7 = {
						CreatedOnToolsVersion = 9.0;
						ProvisioningStyle = Automatic;
					};
				};
			};
			buildConfigurationList = 81917FAF1FD1FAFB00D64BE7 /* Build configuration list for PBXProject "URLSession-Exercise" */;
			compatibilityVersion = "Xcode 8.0";
			developmentRegion = en;
			hasScannedForEncodings = 0;
			knownRegions = (
				en,
				Base,
			);
			mainGroup = 81917FAB1FD1FAFB00D64BE7;
			productRefGroup = 81917FB51FD1FAFC00D64BE7 /* Products */;
			projectDirPath = "";
			projectRoot = "";
			targets = (
				81917FB31FD1FAFC00D64BE7 /* URLSession-Exercise */,
			);
		};
/* End PBXProject section */

/* Begin PBXResourcesBuildPhase section */
		81917FB21FD1FAFC00D64BE7 /* Resources */ = {
			isa = PBXResourcesBuildPhase;
			buildActionMask = 2147483647;
			files = (
				81917FC21FD1FAFC00D64BE7 /* LaunchScreen.storyboard in Resources */,
				81917FBF1FD1FAFC00D64BE7 /* Assets.xcassets in Resources */,
				81917FBD1FD1FAFC00D64BE7 /* Main.storyboard in Resources */,
			);
			runOnlyForDeploymentPostprocessing = 0;
		};
/* End PBXResourcesBuildPhase section */

/* Begin PBXSourcesBuildPhase section */
		81917FB01FD1FAFC00D64BE7 /* Sources */ = {
			isa = PBXSourcesBuildPhase;
			buildActionMask = 2147483647;
			files = (
				81917FBA1FD1FAFC00D64BE7 /* StarWarsViewController.swift in Sources */,
				8150A3401FD1FFC700761813 /* Character.swift in Sources */,
				8150A3471FD2056700761813 /* ResultsWrapper.swift in Sources */,
				8150A3441FD2041900761813 /* Film.swift in Sources */,
				8150A3521FD20C8800761813 /* NetworkHelper.swift in Sources */,
				8150A3501FD20C6800761813 /* CharacterAPIClient.swift in Sources */,
				8150A34B1FD2082C00761813 /* Vehicle.swift in Sources */,
				8150A3421FD202D900761813 /* Planet.swift in Sources */,
				81917FB81FD1FAFC00D64BE7 /* AppDelegate.swift in Sources */,
				8150A34D1FD2083C00761813 /* Species.swift in Sources */,
				8150A3491FD205F100761813 /* Starship.swift in Sources */,
				8150A33C1FD1FF7100761813 /* StarWarsDetailViewController.swift in Sources */,
			);
			runOnlyForDeploymentPostprocessing = 0;
		};
/* End PBXSourcesBuildPhase section */

/* Begin PBXVariantGroup section */
		81917FBB1FD1FAFC00D64BE7 /* Main.storyboard */ = {
			isa = PBXVariantGroup;
			children = (
				81917FBC1FD1FAFC00D64BE7 /* Base */,
			);
			name = Main.storyboard;
			sourceTree = "<group>";
		};
		81917FC01FD1FAFC00D64BE7 /* LaunchScreen.storyboard */ = {
			isa = PBXVariantGroup;
			children = (
				81917FC11FD1FAFC00D64BE7 /* Base */,
			);
			name = LaunchScreen.storyboard;
			sourceTree = "<group>";
		};
/* End PBXVariantGroup section */

/* Begin XCBuildConfiguration section */
		81917FC41FD1FAFC00D64BE7 /* Debug */ = {
			isa = XCBuildConfiguration;
			buildSettings = {
				ALWAYS_SEARCH_USER_PATHS = NO;
				CLANG_ANALYZER_NONNULL = YES;
				CLANG_ANALYZER_NUMBER_OBJECT_CONVERSION = YES_AGGRESSIVE;
				CLANG_CXX_LANGUAGE_STANDARD = "gnu++14";
				CLANG_CXX_LIBRARY = "libc++";
				CLANG_ENABLE_MODULES = YES;
				CLANG_ENABLE_OBJC_ARC = YES;
				CLANG_WARN_BLOCK_CAPTURE_AUTORELEASING = YES;
				CLANG_WARN_BOOL_CONVERSION = YES;
				CLANG_WARN_COMMA = YES;
				CLANG_WARN_CONSTANT_CONVERSION = YES;
				CLANG_WARN_DIRECT_OBJC_ISA_USAGE = YES_ERROR;
				CLANG_WARN_DOCUMENTATION_COMMENTS = YES;
				CLANG_WARN_EMPTY_BODY = YES;
				CLANG_WARN_ENUM_CONVERSION = YES;
				CLANG_WARN_INFINITE_RECURSION = YES;
				CLANG_WARN_INT_CONVERSION = YES;
				CLANG_WARN_NON_LITERAL_NULL_CONVERSION = YES;
				CLANG_WARN_OBJC_LITERAL_CONVERSION = YES;
				CLANG_WARN_OBJC_ROOT_CLASS = YES_ERROR;
				CLANG_WARN_RANGE_LOOP_ANALYSIS = YES;
				CLANG_WARN_STRICT_PROTOTYPES = YES;
				CLANG_WARN_SUSPICIOUS_MOVE = YES;
				CLANG_WARN_UNGUARDED_AVAILABILITY = YES_AGGRESSIVE;
				CLANG_WARN_UNREACHABLE_CODE = YES;
				CLANG_WARN__DUPLICATE_METHOD_MATCH = YES;
				CODE_SIGN_IDENTITY = "iPhone Developer";
				COPY_PHASE_STRIP = NO;
				DEBUG_INFORMATION_FORMAT = dwarf;
				ENABLE_STRICT_OBJC_MSGSEND = YES;
				ENABLE_TESTABILITY = YES;
				GCC_C_LANGUAGE_STANDARD = gnu11;
				GCC_DYNAMIC_NO_PIC = NO;
				GCC_NO_COMMON_BLOCKS = YES;
				GCC_OPTIMIZATION_LEVEL = 0;
				GCC_PREPROCESSOR_DEFINITIONS = (
					"DEBUG=1",
					"$(inherited)",
				);
				GCC_WARN_64_TO_32_BIT_CONVERSION = YES;
				GCC_WARN_ABOUT_RETURN_TYPE = YES_ERROR;
				GCC_WARN_UNDECLARED_SELECTOR = YES;
				GCC_WARN_UNINITIALIZED_AUTOS = YES_AGGRESSIVE;
				GCC_WARN_UNUSED_FUNCTION = YES;
				GCC_WARN_UNUSED_VARIABLE = YES;
				IPHONEOS_DEPLOYMENT_TARGET = 11.0;
				MTL_ENABLE_DEBUG_INFO = YES;
				ONLY_ACTIVE_ARCH = YES;
				SDKROOT = iphoneos;
				SWIFT_ACTIVE_COMPILATION_CONDITIONS = DEBUG;
				SWIFT_OPTIMIZATION_LEVEL = "-Onone";
			};
			name = Debug;
		};
		81917FC51FD1FAFC00D64BE7 /* Release */ = {
			isa = XCBuildConfiguration;
			buildSettings = {
				ALWAYS_SEARCH_USER_PATHS = NO;
				CLANG_ANALYZER_NONNULL = YES;
				CLANG_ANALYZER_NUMBER_OBJECT_CONVERSION = YES_AGGRESSIVE;
				CLANG_CXX_LANGUAGE_STANDARD = "gnu++14";
				CLANG_CXX_LIBRARY = "libc++";
				CLANG_ENABLE_MODULES = YES;
				CLANG_ENABLE_OBJC_ARC = YES;
				CLANG_WARN_BLOCK_CAPTURE_AUTORELEASING = YES;
				CLANG_WARN_BOOL_CONVERSION = YES;
				CLANG_WARN_COMMA = YES;
				CLANG_WARN_CONSTANT_CONVERSION = YES;
				CLANG_WARN_DIRECT_OBJC_ISA_USAGE = YES_ERROR;
				CLANG_WARN_DOCUMENTATION_COMMENTS = YES;
				CLANG_WARN_EMPTY_BODY = YES;
				CLANG_WARN_ENUM_CONVERSION = YES;
				CLANG_WARN_INFINITE_RECURSION = YES;
				CLANG_WARN_INT_CONVERSION = YES;
				CLANG_WARN_NON_LITERAL_NULL_CONVERSION = YES;
				CLANG_WARN_OBJC_LITERAL_CONVERSION = YES;
				CLANG_WARN_OBJC_ROOT_CLASS = YES_ERROR;
				CLANG_WARN_RANGE_LOOP_ANALYSIS = YES;
				CLANG_WARN_STRICT_PROTOTYPES = YES;
				CLANG_WARN_SUSPICIOUS_MOVE = YES;
				CLANG_WARN_UNGUARDED_AVAILABILITY = YES_AGGRESSIVE;
				CLANG_WARN_UNREACHABLE_CODE = YES;
				CLANG_WARN__DUPLICATE_METHOD_MATCH = YES;
				CODE_SIGN_IDENTITY = "iPhone Developer";
				COPY_PHASE_STRIP = NO;
				DEBUG_INFORMATION_FORMAT = "dwarf-with-dsym";
				ENABLE_NS_ASSERTIONS = NO;
				ENABLE_STRICT_OBJC_MSGSEND = YES;
				GCC_C_LANGUAGE_STANDARD = gnu11;
				GCC_NO_COMMON_BLOCKS = YES;
				GCC_WARN_64_TO_32_BIT_CONVERSION = YES;
				GCC_WARN_ABOUT_RETURN_TYPE = YES_ERROR;
				GCC_WARN_UNDECLARED_SELECTOR = YES;
				GCC_WARN_UNINITIALIZED_AUTOS = YES_AGGRESSIVE;
				GCC_WARN_UNUSED_FUNCTION = YES;
				GCC_WARN_UNUSED_VARIABLE = YES;
				IPHONEOS_DEPLOYMENT_TARGET = 11.0;
				MTL_ENABLE_DEBUG_INFO = NO;
				SDKROOT = iphoneos;
				SWIFT_OPTIMIZATION_LEVEL = "-Owholemodule";
				VALIDATE_PRODUCT = YES;
			};
			name = Release;
		};
		81917FC71FD1FAFC00D64BE7 /* Debug */ = {
			isa = XCBuildConfiguration;
			buildSettings = {
				ASSETCATALOG_COMPILER_APPICON_NAME = AppIcon;
				CODE_SIGN_STYLE = Automatic;
				DEVELOPMENT_TEAM = M6644XK36Y;
				INFOPLIST_FILE = "URLSession-Exercise/Info.plist";
				LD_RUNPATH_SEARCH_PATHS = "$(inherited) @executable_path/Frameworks";
				PRODUCT_BUNDLE_IDENTIFIER = "Melissa-He.URLSession-Exercise";
				PRODUCT_NAME = "$(TARGET_NAME)";
				SWIFT_VERSION = 4.0;
				TARGETED_DEVICE_FAMILY = "1,2";
			};
			name = Debug;
		};
		81917FC81FD1FAFC00D64BE7 /* Release */ = {
			isa = XCBuildConfiguration;
			buildSettings = {
				ASSETCATALOG_COMPILER_APPICON_NAME = AppIcon;
				CODE_SIGN_STYLE = Automatic;
				DEVELOPMENT_TEAM = M6644XK36Y;
				INFOPLIST_FILE = "URLSession-Exercise/Info.plist";
				LD_RUNPATH_SEARCH_PATHS = "$(inherited) @executable_path/Frameworks";
				PRODUCT_BUNDLE_IDENTIFIER = "Melissa-He.URLSession-Exercise";
				PRODUCT_NAME = "$(TARGET_NAME)";
				SWIFT_VERSION = 4.0;
				TARGETED_DEVICE_FAMILY = "1,2";
			};
			name = Release;
		};
/* End XCBuildConfiguration section */

/* Begin XCConfigurationList section */
		81917FAF1FD1FAFB00D64BE7 /* Build configuration list for PBXProject "URLSession-Exercise" */ = {
			isa = XCConfigurationList;
			buildConfigurations = (
				81917FC41FD1FAFC00D64BE7 /* Debug */,
				81917FC51FD1FAFC00D64BE7 /* Release */,
			);
			defaultConfigurationIsVisible = 0;
			defaultConfigurationName = Release;
		};
		81917FC61FD1FAFC00D64BE7 /* Build configuration list for PBXNativeTarget "URLSession-Exercise" */ = {
			isa = XCConfigurationList;
			buildConfigurations = (
				81917FC71FD1FAFC00D64BE7 /* Debug */,
				81917FC81FD1FAFC00D64BE7 /* Release */,
			);
			defaultConfigurationIsVisible = 0;
			defaultConfigurationName = Release;
		};
/* End XCConfigurationList section */
	};
	rootObject = 81917FAC1FD1FAFB00D64BE7 /* Project object */;
}
